# @generated - this file is auto-generated by `mise lock` https://mise.en.dev/dev-tools/mise-lock.html

[[tools.git-lfs]]
version = "3.7.1"
backend = "aqua:git-lfs/git-lfs"

[tools.git-lfs."platforms.linux-arm64"]
checksum = "sha256:73a9c90eeb4312133a63c3eaee0c38c019ea7bfa0953d174809d25b18588dd8d"
url = "https://github.com/git-lfs/git-lfs/releases/download/v3.7.1/git-lfs-linux-arm64-v3.7.1.tar.gz"

[tools.git-lfs."platforms.linux-arm64-musl"]
checksum = "sha256:73a9c90eeb4312133a63c3eaee0c38c019ea7bfa0953d174809d25b18588dd8d"
url = "https://github.com/git-lfs/git-lfs/releases/download/v3.7.1/git-lfs-linux-arm64-v3.7.1.tar.gz"

[tools.git-lfs."platforms.linux-x64"]
checksum = "sha256:1c0b6ee5200ca708c5cebebb18fdeb0e1c98f1af5c1a9cba205a4c0ab5a5ec08"
url = "https://github.com/git-lfs/git-lfs/releases/download/v3.7.1/git-lfs-linux-amd64-v3.7.1.tar.gz"

[tools.git-lfs."platforms.linux-x64-musl"]
checksum = "sha256:1c0b6ee5200ca708c5cebebb18fdeb0e1c98f1af5c1a9cba205a4c0ab5a5ec08"
url = "https://github.com/git-lfs/git-lfs/releases/download/v3.7.1/git-lfs-linux-amd64-v3.7.1.tar.gz"

[tools.git-lfs."platforms.macos-arm64"]
checksum = "sha256:76260fb34f4ee622ff0a66b857e5954aa49c7e343a92e57a1ec4a760618c94b2"
url = "https://github.com/git-lfs/git-lfs/releases/download/v3.7.1/git-lfs-darwin-arm64-v3.7.1.zip"

[tools.git-lfs."platforms.macos-x64"]
checksum = "sha256:b5b1b641c0648c83661fa9eda991cd3eff945264dabc2cdf411a80dfe7ec0970"
url = "https://github.com/git-lfs/git-lfs/releases/download/v3.7.1/git-lfs-darwin-amd64-v3.7.1.zip"

[tools.git-lfs."platforms.windows-x64"]
checksum = "sha256:8683cdc3d6c029b49393dcebbaa6265bd6efd9abdcf837be855b4cd42e5e80b6"
url = "https://github.com/git-lfs/git-lfs/releases/download/v3.7.1/git-lfs-windows-amd64-v3.7.1.zip"

[[tools.go]]
version = "1.26.4"
backend = "core:go"

[tools.go."platforms.linux-arm64"]
checksum = "sha256:ef758ae7c6cf9267c9c0ef080b8965f453d89ab2d25d9eb22de4405925238768"
url = "https://dl.google.com/go/go1.26.4.linux-arm64.tar.gz"

[tools.go."platforms.linux-arm64-musl"]
checksum = "sha256:ef758ae7c6cf9267c9c0ef080b8965f453d89ab2d25d9eb22de4405925238768"
url = "https://dl.google.com/go/go1.26.4.linux-arm64.tar.gz"

[tools.go."platforms.linux-x64"]
checksum = "sha256:1153d3d50e0ac764b447adfe05c2bcf08e889d42a02e0fe0259bd47f6733ad7f"
url = "https://dl.google.com/go/go1.26.4.linux-amd64.tar.gz"

[tools.go."platforms.linux-x64-musl"]
checksum = "sha256:1153d3d50e0ac764b447adfe05c2bcf08e889d42a02e0fe0259bd47f6733ad7f"
url = "https://dl.google.com/go/go1.26.4.linux-amd64.tar.gz"

[tools.go."platforms.macos-arm64"]
checksum = "sha256:b62ad2b6d7d2464f12a5bcad7ff47f19d08325773b5efd21610e445a05a9bf53"
url = "https://dl.google.com/go/go1.26.4.darwin-arm64.tar.gz"

[tools.go."platforms.macos-x64"]
checksum = "sha256:05dc9b5f9997744520aaebb3d5deaa7c755371aebbfb7f97c2511a9f3367538d"
url = "https://dl.google.com/go/go1.26.4.darwin-amd64.tar.gz"

[tools.go."platforms.windows-x64"]
checksum = "sha256:3ca8fb4630b07c419cbdd51f754e31363cfcfb83b3a5354d9e895c90be2cc345"
url = "https://dl.google.com/go/go1.26.4.windows-amd64.zip"

[[tools.hugo]]
version = "0.152.2"
backend = "aqua:gohugoio/hugo"

[tools.hugo."platforms.linux-arm64"]
checksum = "sha256:76b6f2d229cba2e81555cfe08cf2a32294b6ce68f254cae6b981b062868c50ae"
url = "https://github.com/gohugoio/hugo/releases/download/v0.152.2/hugo_0.152.2_linux-arm64.tar.gz"
url_api = "https://api.github.com/repos/gohugoio/hugo/releases/assets/308248278"

[tools.hugo."platforms.linux-arm64-musl"]
checksum = "sha256:76b6f2d229cba2e81555cfe08cf2a32294b6ce68f254cae6b981b062868c50ae"
url = "https://github.com/gohugoio/hugo/releases/download/v0.152.2/hugo_0.152.2_linux-arm64.tar.gz"
url_api = "https://api.github.com/repos/gohugoio/hugo/releases/assets/308248278"

[tools.hugo."platforms.linux-x64"]
checksum = "sha256:52b6eda6c00f4449d96f0cbfd7300e834c26179c4fe68e0510ef566db52dba04"
url = "https://github.com/gohugoio/hugo/releases/download/v0.152.2/hugo_0.152.2_linux-amd64.tar.gz"
url_api = "https://api.github.com/repos/gohugoio/hugo/releases/assets/308248283"

[tools.hugo."platforms.linux-x64-musl"]
checksum = "sha256:52b6eda6c00f4449d96f0cbfd7300e834c26179c4fe68e0510ef566db52dba04"
url = "https://github.com/gohugoio/hugo/releases/download/v0.152.2/hugo_0.152.2_linux-amd64.tar.gz"
url_api = "https://api.github.com/repos/gohugoio/hugo/releases/assets/308248283"

[tools.hugo."platforms.macos-arm64"]
checksum = "sha256:c24fcf32faef4bf0e584bf3600061789c856110b75e34b3dbcac238c9ece6028"
url = "https://github.com/gohugoio/hugo/releases/download/v0.152.2/hugo_0.152.2_darwin-universal.tar.gz"
url_api = "https://api.github.com/repos/gohugoio/hugo/releases/assets/308248279"

[tools.hugo."platforms.macos-x64"]
checksum = "sha256:c24fcf32faef4bf0e584bf3600061789c856110b75e34b3dbcac238c9ece6028"
url = "https://github.com/gohugoio/hugo/releases/download/v0.152.2/hugo_0.152.2_darwin-universal.tar.gz"
url_api = "https://api.github.com/repos/gohugoio/hugo/releases/assets/308248279"

[tools.hugo."platforms.windows-x64"]
checksum = "sha256:f7af56db1437e8d2df1b2db95f9cf83106b243110f45ff3a4a570ef8086c7920"
url = "https://github.com/gohugoio/hugo/releases/download/v0.152.2/hugo_0.152.2_windows-amd64.zip"
url_api = "https://api.github.com/repos/gohugoio/hugo/releases/assets/308248305"

[[tools.node]]
version = "26.7.0"
backend = "core:node"

[tools.node."platforms.linux-arm64"]
checksum = "sha256:925aa6157dd37542d0d7f2e28b7bf61e7b39284411210b0498bc3788db4aef68"
url = "https://nodejs.org/dist/v26.7.0/node-v26.7.0-linux-arm64.tar.gz"

[tools.node."platforms.linux-arm64-musl"]
checksum = "sha256:1f16cc0f6febcb1bed1d4550306806dbcfbaf5c1bc2f44f3c5c8b5d22a4cc27a"
url = "https://unofficial-builds.nodejs.org/download/release/v26.7.0/node-v26.7.0-linux-arm64-musl.tar.gz"

[tools.node."platforms.linux-x64"]
checksum = "sha256:bd6b6c31e377bad9ad579bed72e5bc11f4c879ac9452ad51d30e646ea3d828df"
url = "https://nodejs.org/dist/v26.7.0/node-v26.7.0-linux-x64.tar.gz"

[tools.node."platforms.linux-x64-musl"]
checksum = "sha256:5dc0180e7684ede6fc9d9e6333da45686f4b5a7820729d33c68335b283337295"
url = "https://unofficial-builds.nodejs.org/download/release/v26.7.0/node-v26.7.0-linux-x64-musl.tar.gz"

[tools.node."platforms.macos-arm64"]
checksum = "sha256:7ee659a7768e641bbfd5360940660b8e8fd0052f77488f365562bac522fc15d4"
url = "https://nodejs.org/dist/v26.7.0/node-v26.7.0-darwin-arm64.tar.gz"

[tools.node."platforms.macos-x64"]
checksum = "sha256:f279d1ed28ce57f7788bf23435d2ad7fdd7438904ad5c4d8a1081a7cde3d4b96"
url = "https://nodejs.org/dist/v26.7.0/node-v26.7.0-darwin-x64.tar.gz"

[tools.node."platforms.windows-x64"]
checksum = "sha256:d3bd72755141ed32bbcd841228ee81897c8a98d50dfa7dae2179399a0a7c90f8"
url = "https://nodejs.org/dist/v26.7.0/node-v26.7.0-win-x64.zip"

[[tools.pnpm]]
version = "11.23.0"
backend = "aqua:pnpm/pnpm"

[tools.pnpm."platforms.linux-arm64"]
checksum = "sha256:e866ac26be184623027515f85087b760aa6479960e13c67f64c8955f2ef5a633"
url = "https://github.com/pnpm/pnpm/releases/download/v11.23.0/pnpm-linux-arm64.tar.gz"
url_api = "https://api.github.com/repos/pnpm/pnpm/releases/assets/526301673"
provenance = "github-attestations"

[tools.pnpm."platforms.linux-arm64-musl"]
checksum = "sha256:a890712731cf9d92e04527d3032ff5494ba8885ad29bd1e8c333da76780b2d62"
url = "https://github.com/pnpm/pnpm/releases/download/v11.23.0/pnpm-linux-arm64-musl.tar.gz"
url_api = "https://api.github.com/repos/pnpm/pnpm/releases/assets/526301668"
provenance = "github-attestations"

[tools.pnpm."platforms.linux-x64"]
checksum = "sha256:a4b2db2abce199330fe50d45fe8d608582c362c5cc8139f8f36cf116d9c72117"
url = "https://github.com/pnpm/pnpm/releases/download/v11.23.0/pnpm-linux-x64.tar.gz"
url_api = "https://api.github.com/repos/pnpm/pnpm/releases/assets/526301664"
provenance = "github-attestations"

[tools.pnpm."platforms.linux-x64-musl"]
checksum = "sha256:b52ce5deb3bf284a482699d916d531012d898256a3c4e5230c57441bc112ad71"
url = "https://github.com/pnpm/pnpm/releases/download/v11.23.0/pnpm-linux-x64-musl.tar.gz"
url_api = "https://api.github.com/repos/pnpm/pnpm/releases/assets/526301666"
provenance = "github-attestations"

[tools.pnpm."platforms.macos-arm64"]
checksum = "sha256:fd591816355faf0a77864b6bd9cee7c1fdb3953d339ea32dd197d7ceccbdc4b1"
url = "https://github.com/pnpm/pnpm/releases/download/v11.23.0/pnpm-darwin-arm64.tar.gz"
url_api = "https://api.github.com/repos/pnpm/pnpm/releases/assets/526301671"
provenance = "github-attestations"

[tools.pnpm."platforms.windows-x64"]
checksum = "sha256:55f9836c9fa93ca48d0e27ed0864f8bc91b0d3df8cb4b8ece43cfb6da3b090c2"
url = "https://github.com/pnpm/pnpm/releases/download/v11.23.0/pnpm-win32-x64.zip"
url_api = "https://api.github.com/repos/pnpm/pnpm/releases/assets/526301672"
provenance = "github-attestations"

[[tools.vale]]
version = "3.15.1"
backend = "aqua:vale-cli/vale"

[tools.vale."platforms.linux-arm64"]
checksum = "sha256:281a419e140da11a408935356bab7a4ef770fed047a9d7bd1765c76acd647d01"
url = "https://github.com/vale-cli/vale/releases/download/v3.15.1/vale_3.15.1_Linux_arm64.tar.gz"

[tools.vale."platforms.linux-arm64-musl"]
checksum = "sha256:281a419e140da11a408935356bab7a4ef770fed047a9d7bd1765c76acd647d01"
url = "https://github.com/vale-cli/vale/releases/download/v3.15.1/vale_3.15.1_Linux_arm64.tar.gz"

[tools.vale."platforms.linux-x64"]
checksum = "sha256:c024d9c157874fb043d4f24a055d60050d1bb18755251f590593eed5bace1857"
url = "https://github.com/vale-cli/vale/releases/download/v3.15.1/vale_3.15.1_Linux_64-bit.tar.gz"

[tools.vale."platforms.linux-x64-musl"]
checksum = "sha256:c024d9c157874fb043d4f24a055d60050d1bb18755251f590593eed5bace1857"
url = "https://github.com/vale-cli/vale/releases/download/v3.15.1/vale_3.15.1_Linux_64-bit.tar.gz"

[tools.vale."platforms.macos-arm64"]
checksum = "sha256:968c6d8bf2052bc97aa24274234cc466dbcc249b55ace33dd382c2cdfa93b08c"
url = "https://github.com/vale-cli/vale/releases/download/v3.15.1/vale_3.15.1_macOS_arm64.tar.gz"

[tools.vale."platforms.macos-x64"]
checksum = "sha256:9268383c9e244332c4483cb359e52bd4cb030542873e2cafc48e3bbfff6a989a"
url = "https://github.com/vale-cli/vale/releases/download/v3.15.1/vale_3.15.1_macOS_64-bit.tar.gz"

[tools.vale."platforms.windows-x64"]
checksum = "sha256:3395fca0ddfb10a9b6caa28e091d5df709b1d6b6579afb7dece852cad89b94f3"
url = "https://github.com/vale-cli/vale/releases/download/v3.15.1/vale_3.15.1_Windows_64-bit.zip"
